
Microsoft Visual Studio Solution File, Format Version 12.00
# Visual Studio Version 16
VisualStudioVersion = 16.0.30309.148
MinimumVisualStudioVersion = 10.0.40219.1
Project("{FAE04EC0-301F-11D3-BF4B-00C04F79EFBC}") = "MoreVIgilanceCommands", "MoreVIgilanceCommands\MoreVIgilanceCommands.csproj", "{58174C69-4E52-4C26-A41B-2ECA621E3E19}"
EndProject
Global
	GlobalSection(SolutionConfigurationPlatforms) = preSolution
		Debug|Any CPU = Debug|Any CPU
		Release|Any CPU = Release|Any CPU
	EndGlobalSection
	GlobalSection(ProjectConfigurationPlatforms) = postSolution
		{58174C69-4E52-4C26-A41B-2ECA621E3E19}.Debug|Any CPU.ActiveCfg = Debug|Any CPU
		{58174C69-4E52-4C26-A41B-2ECA621E3E19}.Debug|Any CPU.Build.0 = Debug|Any CPU
		{58174C69-4E52-4C26-A41B-2ECA621E3E19}.Release|Any CPU.ActiveCfg = Release|Any CPU
		{58174C69-4E52-4C26-A41B-2ECA621E3E19}.Release|Any CPU.Build.0 = Release|Any CPU
	EndGlobalSection
	GlobalSection(SolutionProperties) = preSolution
		HideSolutionNode = FALSE
	EndGlobalSection
	GlobalSection(ExtensibilityGlobals) = postSolution
		SolutionGuid = {EE3FA66C-D50D-460E-B6D0-FF8367F854C9}
	EndGlobalSection
EndGlobal
