
Microsoft Visual Studio Solution File, Format Version 12.00
# Visual Studio Version 16
VisualStudioVersion = 16.0.30523.141
MinimumVisualStudioVersion = 10.0.40219.1
Project("{FAE04EC0-301F-11D3-BF4B-00C04F79EFBC}") = "MoreVigilanceCommands", "MoreVigilanceCommands\MoreVigilanceCommands.csproj", "{ACD4E96F-0FF3-4CD2-9983-7B2FC8D829E0}"
EndProject
Global
	GlobalSection(SolutionConfigurationPlatforms) = preSolution
		Debug|Any CPU = Debug|Any CPU
		Release|Any CPU = Release|Any CPU
	EndGlobalSection
	GlobalSection(ProjectConfigurationPlatforms) = postSolution
		{ACD4E96F-0FF3-4CD2-9983-7B2FC8D829E0}.Debug|Any CPU.ActiveCfg = Debug|Any CPU
		{ACD4E96F-0FF3-4CD2-9983-7B2FC8D829E0}.Debug|Any CPU.Build.0 = Debug|Any CPU
		{ACD4E96F-0FF3-4CD2-9983-7B2FC8D829E0}.Release|Any CPU.ActiveCfg = Release|Any CPU
		{ACD4E96F-0FF3-4CD2-9983-7B2FC8D829E0}.Release|Any CPU.Build.0 = Release|Any CPU
	EndGlobalSection
	GlobalSection(SolutionProperties) = preSolution
		HideSolutionNode = FALSE
	EndGlobalSection
	GlobalSection(ExtensibilityGlobals) = postSolution
		SolutionGuid = {4AECD564-3927-40B3-B1B3-D5DDDF661CC5}
	EndGlobalSection
EndGlobal
